
Microsoft Visual Studio Solution File, Format Version 12.00
# Visual Studio Version 17
VisualStudioVersion = 17.6.33815.320
MinimumVisualStudioVersion = 10.0.40219.1
Project("{FAE04EC0-301F-11D3-BF4B-00C04F79EFBC}") = "PersonalDataManagement", "PersonalDataManagement\PersonalDataManagement.csproj", "{C9D32E04-30FC-457B-9A66-F5058C16325F}"
EndProject
Global
	GlobalSection(SolutionConfigurationPlatforms) = preSolution
		Debug|Any CPU = Debug|Any CPU
		Release|Any CPU = Release|Any CPU
	EndGlobalSection
	GlobalSection(ProjectConfigurationPlatforms) = postSolution
		{C9D32E04-30FC-457B-9A66-F5058C16325F}.Debug|Any CPU.ActiveCfg = Debug|Any CPU
		{C9D32E04-30FC-457B-9A66-F5058C16325F}.Debug|Any CPU.Build.0 = Debug|Any CPU
		{C9D32E04-30FC-457B-9A66-F5058C16325F}.Release|Any CPU.ActiveCfg = Release|Any CPU
		{C9D32E04-30FC-457B-9A66-F5058C16325F}.Release|Any CPU.Build.0 = Release|Any CPU
	EndGlobalSection
	GlobalSection(SolutionProperties) = preSolution
		HideSolutionNode = FALSE
	EndGlobalSection
	GlobalSection(ExtensibilityGlobals) = postSolution
		SolutionGuid = {ED02E50A-2D50-4B44-A716-519E47792D81}
	EndGlobalSection
EndGlobal
